
Microsoft Visual Studio Solution File, Format Version 12.00
# Visual Studio Version 17
VisualStudioVersion = 17.13.35825.156 d17.13
MinimumVisualStudioVersion = 10.0.40219.1
Project("{FAE04EC0-301F-11D3-BF4B-00C04F79EFBC}") = "HelloWorld", "HelloWorld.csproj", "{F3AF4519-A082-44B8-8AA0-A8DEFD2705A9}"
EndProject
Global
	GlobalSection(SolutionConfigurationPlatforms) = preSolution
		Debug|Any CPU = Debug|Any CPU
		Release|Any CPU = Release|Any CPU
	EndGlobalSection
	GlobalSection(ProjectConfigurationPlatforms) = postSolution
		{F3AF4519-A082-44B8-8AA0-A8DEFD2705A9}.Debug|Any CPU.ActiveCfg = Debug|Any CPU
		{F3AF4519-A082-44B8-8AA0-A8DEFD2705A9}.Debug|Any CPU.Build.0 = Debug|Any CPU
		{F3AF4519-A082-44B8-8AA0-A8DEFD2705A9}.Release|Any CPU.ActiveCfg = Release|Any CPU
		{F3AF4519-A082-44B8-8AA0-A8DEFD2705A9}.Release|Any CPU.Build.0 = Release|Any CPU
	EndGlobalSection
	GlobalSection(SolutionProperties) = preSolution
		HideSolutionNode = FALSE
	EndGlobalSection
	GlobalSection(ExtensibilityGlobals) = postSolution
		SolutionGuid = {4F1F36F0-9324-4757-9417-D8DA559B3AAD}
	EndGlobalSection
EndGlobal
